
Microsoft Visual Studio Solution File, Format Version 12.00
# Visual Studio Version 17
VisualStudioVersion = 17.5.33424.131
MinimumVisualStudioVersion = 10.0.40219.1
Project("{FAE04EC0-301F-11D3-BF4B-00C04F79EFBC}") = "ChatBotWithSignalR", "ChatBotWithSignalR\ChatBotWithSignalR.csproj", "{1B01F5F6-0DDF-48AE-89C6-7915560D5EFD}"
EndProject
Global
	GlobalSection(SolutionConfigurationPlatforms) = preSolution
		Debug|Any CPU = Debug|Any CPU
		Release|Any CPU = Release|Any CPU
	EndGlobalSection
	GlobalSection(ProjectConfigurationPlatforms) = postSolution
		{1B01F5F6-0DDF-48AE-89C6-7915560D5EFD}.Debug|Any CPU.ActiveCfg = Debug|Any CPU
		{1B01F5F6-0DDF-48AE-89C6-7915560D5EFD}.Debug|Any CPU.Build.0 = Debug|Any CPU
		{1B01F5F6-0DDF-48AE-89C6-7915560D5EFD}.Release|Any CPU.ActiveCfg = Release|Any CPU
		{1B01F5F6-0DDF-48AE-89C6-7915560D5EFD}.Release|Any CPU.Build.0 = Release|Any CPU
	EndGlobalSection
	GlobalSection(SolutionProperties) = preSolution
		HideSolutionNode = FALSE
	EndGlobalSection
	GlobalSection(ExtensibilityGlobals) = postSolution
		SolutionGuid = {C5181F9C-CF59-4C33-89A9-3B83C24B069D}
	EndGlobalSection
EndGlobal
